{
  "name": "1415fee72ff6294b",
  "lockfileVersion": 3,
  "requires": true,
  "packages": {
    "": {
      "dependencies": {
        "create-vite": "^8.2.0"
      }
    },
    "node_modules/create-vite": {
      "version": "8.2.0",
      "resolved": "https://registry.npmmirror.com/create-vite/-/create-vite-8.2.0.tgz",
      "integrity": "sha512-77BlmjbmiaEaBc1xmBFZ5Izq7nSdFkrs037Jxegk93jv/3AkzNNLxypIbKBVMY7/lAMWynug4ERssvruqxxd1g==",
      "license": "MIT",
      "bin": {
        "create-vite": "index.js",
        "cva": "index.js"
      },
      "engines": {
        "node": "^20.19.0 || >=22.12.0"
      },
      "funding": {
        "url": "https://github.com/vitejs/vite?sponsor=1"
      }
    }
  }
}
